
Microsoft Visual Studio Solution File, Format Version 12.00
# Visual Studio 15
VisualStudioVersion = 15.0.27703.2026
MinimumVisualStudioVersion = 10.0.40219.1
Project("{8BC9CEB8-8B4A-11D0-8D11-00A0C91BC942}") = "NitraLeveldb", "NitraLeveldb.vcxproj", "{2AE9168E-7F88-4911-99C3-CF2A6EDCDF6B}"
EndProject
Global
	GlobalSection(SolutionConfigurationPlatforms) = preSolution
		Debug|Any CPU = Debug|Any CPU
		Debug|x64 = Debug|x64
		Debug|x86 = Debug|x86
		Release|Any CPU = Release|Any CPU
		Release|x64 = Release|x64
		Release|x86 = Release|x86
	EndGlobalSection
	GlobalSection(ProjectConfigurationPlatforms) = postSolution
		{2AE9168E-7F88-4911-99C3-CF2A6EDCDF6B}.Debug|Any CPU.ActiveCfg = Debug|Win32
		{2AE9168E-7F88-4911-99C3-CF2A6EDCDF6B}.Debug|x64.ActiveCfg = Debug|x64
		{2AE9168E-7F88-4911-99C3-CF2A6EDCDF6B}.Debug|x64.Build.0 = Debug|x64
		{2AE9168E-7F88-4911-99C3-CF2A6EDCDF6B}.Debug|x86.ActiveCfg = Debug|Win32
		{2AE9168E-7F88-4911-99C3-CF2A6EDCDF6B}.Debug|x86.Build.0 = Debug|Win32
		{2AE9168E-7F88-4911-99C3-CF2A6EDCDF6B}.Release|Any CPU.ActiveCfg = Release|Win32
		{2AE9168E-7F88-4911-99C3-CF2A6EDCDF6B}.Release|x64.ActiveCfg = Release|x64
		{2AE9168E-7F88-4911-99C3-CF2A6EDCDF6B}.Release|x64.Build.0 = Release|x64
		{2AE9168E-7F88-4911-99C3-CF2A6EDCDF6B}.Release|x86.ActiveCfg = Release|Win32
		{2AE9168E-7F88-4911-99C3-CF2A6EDCDF6B}.Release|x86.Build.0 = Release|Win32
	EndGlobalSection
	GlobalSection(SolutionProperties) = preSolution
		HideSolutionNode = FALSE
	EndGlobalSection
	GlobalSection(ExtensibilityGlobals) = postSolution
		SolutionGuid = {CD8777EC-A3D1-428D-963C-B94AC8D7FA2B}
	EndGlobalSection
EndGlobal
